
Microsoft Visual Studio Solution File, Format Version 12.00
# Visual Studio Version 17
VisualStudioVersion = 17.2.32630.192
MinimumVisualStudioVersion = 10.0.40219.1
Project("{FAE04EC0-301F-11D3-BF4B-00C04F79EFBC}") = "Pdfer", "Pdfer\Pdfer.csproj", "{B7F456F4-FED8-4315-B594-14FDB05286D2}"
EndProject
Global
	GlobalSection(SolutionConfigurationPlatforms) = preSolution
		Debug|Any CPU = Debug|Any CPU
		Release|Any CPU = Release|Any CPU
	EndGlobalSection
	GlobalSection(ProjectConfigurationPlatforms) = postSolution
		{B7F456F4-FED8-4315-B594-14FDB05286D2}.Debug|Any CPU.ActiveCfg = Debug|Any CPU
		{B7F456F4-FED8-4315-B594-14FDB05286D2}.Debug|Any CPU.Build.0 = Debug|Any CPU
		{B7F456F4-FED8-4315-B594-14FDB05286D2}.Release|Any CPU.ActiveCfg = Release|Any CPU
		{B7F456F4-FED8-4315-B594-14FDB05286D2}.Release|Any CPU.Build.0 = Release|Any CPU
	EndGlobalSection
	GlobalSection(SolutionProperties) = preSolution
		HideSolutionNode = FALSE
	EndGlobalSection
	GlobalSection(ExtensibilityGlobals) = postSolution
		SolutionGuid = {47723B88-60BA-4EB1-AE34-308B38550924}
	EndGlobalSection
EndGlobal
